
Microsoft Visual Studio Solution File, Format Version 12.00
# Visual Studio Version 16
VisualStudioVersion = 16.0.30320.27
MinimumVisualStudioVersion = 10.0.40219.1
Project("{FAE04EC0-301F-11D3-BF4B-00C04F79EFBC}") = "Registration", "Registration\Registration.csproj", "{E909F130-56ED-4477-898F-169D1A9B4A22}"
EndProject
Global
	GlobalSection(SolutionConfigurationPlatforms) = preSolution
		Debug|Any CPU = Debug|Any CPU
		Release|Any CPU = Release|Any CPU
	EndGlobalSection
	GlobalSection(ProjectConfigurationPlatforms) = postSolution
		{E909F130-56ED-4477-898F-169D1A9B4A22}.Debug|Any CPU.ActiveCfg = Debug|Any CPU
		{E909F130-56ED-4477-898F-169D1A9B4A22}.Debug|Any CPU.Build.0 = Debug|Any CPU
		{E909F130-56ED-4477-898F-169D1A9B4A22}.Release|Any CPU.ActiveCfg = Release|Any CPU
		{E909F130-56ED-4477-898F-169D1A9B4A22}.Release|Any CPU.Build.0 = Release|Any CPU
	EndGlobalSection
	GlobalSection(SolutionProperties) = preSolution
		HideSolutionNode = FALSE
	EndGlobalSection
	GlobalSection(ExtensibilityGlobals) = postSolution
		SolutionGuid = {F8F1F7B7-AC5A-4E72-9709-7C7105FEE53B}
	EndGlobalSection
EndGlobal
